# This file is automatically @generated by Cargo.
# It is not intended for manual editing.
version = 4

[[package]]
name = "OpenBCLCore"
version = "1.0.0-dev"
dependencies = [
 "md5",
]

[[package]]
name = "md5"
version = "0.3.8"
source = "registry+https://github.com/rust-lang/crates.io-index"
checksum = "79c56d6a0b07f9e19282511c83fc5b086364cbae4ba8c7d5f190c3d9b0425a48"
